
Microsoft Visual Studio Solution File, Format Version 12.00
# Visual Studio Version 17
VisualStudioVersion = 17.5.002.0
MinimumVisualStudioVersion = 10.0.40219.1
Project("{9A19103F-16F7-4668-BE54-9A1E7A4F7556}") = "PX", "PX.csproj", "{F77545A7-E77B-457D-BF00-B020742D8967}"
EndProject
Global
	GlobalSection(SolutionConfigurationPlatforms) = preSolution
		Debug|Any CPU = Debug|Any CPU
		Release|Any CPU = Release|Any CPU
	EndGlobalSection
	GlobalSection(ProjectConfigurationPlatforms) = postSolution
		{F77545A7-E77B-457D-BF00-B020742D8967}.Debug|Any CPU.ActiveCfg = Debug|Any CPU
		{F77545A7-E77B-457D-BF00-B020742D8967}.Debug|Any CPU.Build.0 = Debug|Any CPU
		{F77545A7-E77B-457D-BF00-B020742D8967}.Release|Any CPU.ActiveCfg = Release|Any CPU
		{F77545A7-E77B-457D-BF00-B020742D8967}.Release|Any CPU.Build.0 = Release|Any CPU
	EndGlobalSection
	GlobalSection(SolutionProperties) = preSolution
		HideSolutionNode = FALSE
	EndGlobalSection
	GlobalSection(ExtensibilityGlobals) = postSolution
		SolutionGuid = {4CFE4348-C882-48F6-89EA-EAE7F64062A1}
	EndGlobalSection
EndGlobal
